
Microsoft Visual Studio Solution File, Format Version 12.00
# Visual Studio Version 17
VisualStudioVersion = 17.0.31903.59
MinimumVisualStudioVersion = 10.0.40219.1
Project("{FAE04EC0-301F-11D3-BF4B-00C04F79EFBC}") = "AuthService", "AuthService\AuthService.csproj", "{B8DE702D-B8C4-4D23-959C-BF690A9358FF}"
EndProject
Project("{FAE04EC0-301F-11D3-BF4B-00C04F79EFBC}") = "MenuPermissionsService", "MenuPermissionsService\MenuPermissionsService.csproj", "{BA5EDA44-84D0-4767-B0D6-7F460114CCD4}"
EndProject
Project("{FAE04EC0-301F-11D3-BF4B-00C04F79EFBC}") = "NotificationService", "NotificationService\NotificationService.csproj", "{8D8556FC-542C-413B-B939-48A6A2DAEA51}"
EndProject
Global
	GlobalSection(SolutionConfigurationPlatforms) = preSolution
		Debug|Any CPU = Debug|Any CPU
		Release|Any CPU = Release|Any CPU
	EndGlobalSection
	GlobalSection(SolutionProperties) = preSolution
		HideSolutionNode = FALSE
	EndGlobalSection
	GlobalSection(ProjectConfigurationPlatforms) = postSolution
		{B8DE702D-B8C4-4D23-959C-BF690A9358FF}.Debug|Any CPU.ActiveCfg = Debug|Any CPU
		{B8DE702D-B8C4-4D23-959C-BF690A9358FF}.Debug|Any CPU.Build.0 = Debug|Any CPU
		{B8DE702D-B8C4-4D23-959C-BF690A9358FF}.Release|Any CPU.ActiveCfg = Release|Any CPU
		{B8DE702D-B8C4-4D23-959C-BF690A9358FF}.Release|Any CPU.Build.0 = Release|Any CPU
		{BA5EDA44-84D0-4767-B0D6-7F460114CCD4}.Debug|Any CPU.ActiveCfg = Debug|Any CPU
		{BA5EDA44-84D0-4767-B0D6-7F460114CCD4}.Debug|Any CPU.Build.0 = Debug|Any CPU
		{BA5EDA44-84D0-4767-B0D6-7F460114CCD4}.Release|Any CPU.ActiveCfg = Release|Any CPU
		{BA5EDA44-84D0-4767-B0D6-7F460114CCD4}.Release|Any CPU.Build.0 = Release|Any CPU
		{8D8556FC-542C-413B-B939-48A6A2DAEA51}.Debug|Any CPU.ActiveCfg = Debug|Any CPU
		{8D8556FC-542C-413B-B939-48A6A2DAEA51}.Debug|Any CPU.Build.0 = Debug|Any CPU
		{8D8556FC-542C-413B-B939-48A6A2DAEA51}.Release|Any CPU.ActiveCfg = Release|Any CPU
		{8D8556FC-542C-413B-B939-48A6A2DAEA51}.Release|Any CPU.Build.0 = Release|Any CPU
	EndGlobalSection
EndGlobal
